
Microsoft Visual Studio Solution File, Format Version 12.00
# Visual Studio Express 2013 for Windows Desktop
VisualStudioVersion = 12.0.30723.0
MinimumVisualStudioVersion = 10.0.40219.1
Project("{8BC9CEB8-8B4A-11D0-8D11-00A0C91BC942}") = "MapView", "MapView\MapView.vcxproj", "{36781F92-B0C9-41EA-9BD7-64CD0FA41A8D}"
EndProject
Global
	GlobalSection(SolutionConfigurationPlatforms) = preSolution
		Debug|Win32 = Debug|Win32
		Release|Win32 = Release|Win32
	EndGlobalSection
	GlobalSection(ProjectConfigurationPlatforms) = postSolution
		{36781F92-B0C9-41EA-9BD7-64CD0FA41A8D}.Debug|Win32.ActiveCfg = Debug|Win32
		{36781F92-B0C9-41EA-9BD7-64CD0FA41A8D}.Debug|Win32.Build.0 = Debug|Win32
		{36781F92-B0C9-41EA-9BD7-64CD0FA41A8D}.Release|Win32.ActiveCfg = Release|Win32
		{36781F92-B0C9-41EA-9BD7-64CD0FA41A8D}.Release|Win32.Build.0 = Release|Win32
	EndGlobalSection
	GlobalSection(SolutionProperties) = preSolution
		HideSolutionNode = FALSE
	EndGlobalSection
EndGlobal
